<?xml version="1.0" encoding="utf-8"?>
<Project ToolsVersion="4.0" xmlns="http://schemas.microsoft.com/developer/msbuild/2003">
  <ItemGroup>
    <Filter Include="Source Files">
      <UniqueIdentifier>{4FC737F1-C7A5-4376-A066-2A32D752A2FF}</UniqueIdentifier>
      <Extensions>cpp;c;cc;cxx;def;odl;idl;hpj;bat;asm;asmx</Extensions>
    </Filter>
    <Filter Include="Header Files">
      <UniqueIdentifier>{93995380-89BD-4b04-88EB-625FBE52EBFB}</UniqueIdentifier>
      <Extensions>h;hh;hpp;hxx;hm;inl;inc;xsd</Extensions>
    </Filter>
    <Filter Include="Resource Files">
      <UniqueIdentifier>{67DA6AB6-F800-4c08-8B7A-83BB121AAD01}</UniqueIdentifier>
      <Extensions>rc;ico;cur;bmp;dlg;rc2;rct;bin;rgs;gif;jpg;jpeg;jpe;resx;tiff;tif;png;wav;mfcribbon-ms</Extensions>
    </Filter>
  </ItemGroup>
  <ItemGroup>
    <ClCompile Include="NEO6502_MMU_V3.ino" />
    <ClCompile Include="neobus.cpp">
      <Filter>Source Files</Filter>
    </ClCompile>
    <ClCompile Include="control.cpp">
      <Filter>Source Files</Filter>
    </ClCompile>
    <ClCompile Include="mmu.cpp">
      <Filter>Source Files</Filter>
    </ClCompile>
    <ClCompile Include="p6502.cpp">
      <Filter>Source Files</Filter>
    </ClCompile>
    <ClCompile Include="ram.cpp">
      <Filter>Source Files</Filter>
    </ClCompile>
    <ClCompile Include="monitor.cpp">
      <Filter>Source Files</Filter>
    </ClCompile>
    <ClCompile Include="disasm6502.cpp">
      <Filter>Source Files</Filter>
    </ClCompile>
    <ClCompile Include="rom.cpp">
      <Filter>Source Files</Filter>
    </ClCompile>
    <ClCompile Include="cmd.cpp">
      <Filter>Source Files</Filter>
    </ClCompile>
    <ClCompile Include="fatfs_local\ff.cpp">
      <Filter>Source Files</Filter>
    </ClCompile>
    <ClCompile Include="fatfs_local\ffunicode.cpp">
      <Filter>Source Files</Filter>
    </ClCompile>
    <ClCompile Include="vdu.cpp">
      <Filter>Source Files</Filter>
    </ClCompile>
    <ClCompile Include="gdu.cpp">
      <Filter>Source Files</Filter>
    </ClCompile>
    <ClCompile Include="sys_config.cpp">
      <Filter>Source Files</Filter>
    </ClCompile>
    <ClCompile Include="boot.cpp">
      <Filter>Source Files</Filter>
    </ClCompile>
    <ClCompile Include="indicator.cpp">
      <Filter>Source Files</Filter>
    </ClCompile>
    <ClCompile Include="input.cpp">
      <Filter>Source Files</Filter>
    </ClCompile>
    <ClCompile Include="memory_config.cpp">
      <Filter>Source Files</Filter>
    </ClCompile>
    <ClCompile Include="scheduler.cpp">
      <Filter>Source Files</Filter>
    </ClCompile>
    <ClCompile Include="mailbox.cpp">
      <Filter>Source Files</Filter>
    </ClCompile>
    <ClCompile Include="debug_neox.cpp">
      <Filter>Source Files</Filter>
    </ClCompile>
    <ClCompile Include="simple_io.cpp">
      <Filter>Source Files</Filter>
    </ClCompile>
    <ClCompile Include="rp_fs.cpp">
      <Filter>Source Files</Filter>
    </ClCompile>
    <ClCompile Include="rp_console_io.cpp">
      <Filter>Source Files</Filter>
    </ClCompile>
    <ClCompile Include="rp_fs_mailbox.cpp">
      <Filter>Source Files</Filter>
    </ClCompile>
    <ClCompile Include="usb_storage.cpp">
      <Filter>Source Files</Filter>
    </ClCompile>
    <ClCompile Include="usb_fatfs.cpp">
      <Filter>Source Files</Filter>
    </ClCompile>
    <ClCompile Include="usb_msc_diskio.cpp">
      <Filter>Source Files</Filter>
    </ClCompile>
    <ClCompile Include="usb_hid_input.cpp">
      <Filter>Source Files</Filter>
    </ClCompile>
    <ClCompile Include="usb_keyboard_layout.cpp">
      <Filter>Source Files</Filter>
    </ClCompile>
  </ItemGroup>
  <ItemGroup>
    <ClInclude Include="__vm\.NEO6502_MMU_V3.vsarduino.h">
      <Filter>Header Files</Filter>
    </ClInclude>
    <ClInclude Include="neobus.h">
      <Filter>Header Files</Filter>
    </ClInclude>
    <ClInclude Include="control.h">
      <Filter>Header Files</Filter>
    </ClInclude>
    <ClInclude Include="mmu.h">
      <Filter>Header Files</Filter>
    </ClInclude>
    <ClInclude Include="p6502.h">
      <Filter>Header Files</Filter>
    </ClInclude>
    <ClInclude Include="fatfs_local\diskio.h">
      <Filter>Header Files</Filter>
    </ClInclude>
    <ClInclude Include="fatfs_local\ff.h">
      <Filter>Header Files</Filter>
    </ClInclude>
    <ClInclude Include="fatfs_local\ffconf.h">
      <Filter>Header Files</Filter>
    </ClInclude>
    <ClInclude Include="fatfs_local\integer.h">
      <Filter>Header Files</Filter>
    </ClInclude>
    <ClInclude Include="pins.h">
      <Filter>Header Files</Filter>
    </ClInclude>
    <ClInclude Include="ram.h">
      <Filter>Header Files</Filter>
    </ClInclude>
    <ClInclude Include="monitor.h">
      <Filter>Header Files</Filter>
    </ClInclude>
    <ClInclude Include="disasm6502.h">
      <Filter>Header Files</Filter>
    </ClInclude>
    <ClInclude Include="bios.h">
      <Filter>Header Files</Filter>
    </ClInclude>
    <ClInclude Include="rom.h">
      <Filter>Header Files</Filter>
    </ClInclude>
    <ClInclude Include="cmd.h">
      <Filter>Header Files</Filter>
    </ClInclude>
    <ClInclude Include="config.h">
      <Filter>Header Files</Filter>
    </ClInclude>
    <ClInclude Include="vdu.h">
      <Filter>Header Files</Filter>
    </ClInclude>
    <ClInclude Include="gdu.h">
      <Filter>Header Files</Filter>
    </ClInclude>
    <ClInclude Include="sys_config.h">
      <Filter>Header Files</Filter>
    </ClInclude>
    <ClInclude Include="boot.h">
      <Filter>Header Files</Filter>
    </ClInclude>
    <ClInclude Include="indicator.h">
      <Filter>Header Files</Filter>
    </ClInclude>
    <ClInclude Include="input.h">
      <Filter>Header Files</Filter>
    </ClInclude>
    <ClInclude Include="fifo.h">
      <Filter>Header Files</Filter>
    </ClInclude>
    <ClInclude Include="memory_config.h">
      <Filter>Header Files</Filter>
    </ClInclude>
    <ClInclude Include="delay.h">
      <Filter>Header Files</Filter>
    </ClInclude>
    <ClInclude Include="scheduler.h">
      <Filter>Header Files</Filter>
    </ClInclude>
    <ClInclude Include="mailbox.h">
      <Filter>Header Files</Filter>
    </ClInclude>
    <ClInclude Include="debug_neox.h">
      <Filter>Header Files</Filter>
    </ClInclude>
    <ClInclude Include="font_VT100_8x20.h">
      <Filter>Header Files</Filter>
    </ClInclude>
    <ClInclude Include="simple_io.h">
      <Filter>Header Files</Filter>
    </ClInclude>
    <ClInclude Include="rp_fs.h">
      <Filter>Header Files</Filter>
    </ClInclude>
    <ClInclude Include="rp_console_io.h">
      <Filter>Header Files</Filter>
    </ClInclude>
    <ClInclude Include="rp_fs_mailbox.h">
      <Filter>Header Files</Filter>
    </ClInclude>
    <ClInclude Include="usb_storage.h">
      <Filter>Header Files</Filter>
    </ClInclude>
    <ClInclude Include="usb_fatfs.h">
      <Filter>Header Files</Filter>
    </ClInclude>
    <ClInclude Include="usb_msc_diskio.h">
      <Filter>Header Files</Filter>
    </ClInclude>
    <ClInclude Include="usb_hid_input.h">
      <Filter>Header Files</Filter>
    </ClInclude>
    <ClInclude Include="usb_keyboard_layout.h">
      <Filter>Header Files</Filter>
    </ClInclude>
    <ClInclude Include="tusb_config.h">
      <Filter>Header Files</Filter>
    </ClInclude>
  </ItemGroup>
</Project>